// !$*UTF8*$!
{
	archiveVersion = 1;
	classes = {
	};
	objectVersion = 50;
	objects = {

/* Begin PBXBuildFile section */
		0EBDDF1F217DADD7009A3E91 /* AppDelegate.swift in Sources */ = {isa = PBXBuildFile; fileRef = 0EBDDF1E217DADD7009A3E91 /* AppDelegate.swift */; };
		0EBDDF21217DADD7009A3E91 /* ViewController.swift in Sources */ = {isa = PBXBuildFile; fileRef = 0EBDDF20217DADD7009A3E91 /* ViewController.swift */; };
		0EBDDF24217DADD7009A3E91 /* Main.storyboard in Resources */ = {isa = PBXBuildFile; fileRef = 0EBDDF22217DADD7009A3E91 /* Main.storyboard */; };
		0EBDDF26217DADD8009A3E91 /* Assets.xcassets in Resources */ = {isa = PBXBuildFile; fileRef = 0EBDDF25217DADD8009A3E91 /* Assets.xcassets */; };
		0EBDDF29217DADD8009A3E91 /* LaunchScreen.storyboard in Resources */ = {isa = PBXBuildFile; fileRef = 0EBDDF27217DADD8009A3E91 /* LaunchScreen.storyboard */; };
		0EBDDF31217DAEC7009A3E91 /* Friend.swift in Sources */ = {isa = PBXBuildFile; fileRef = 0EBDDF30217DAEC7009A3E91 /* Friend.swift */; };
/* End PBXBuildFile section */

/* Begin PBXFileReference section */
		0EBDDF1B217DADD7009A3E91 /* Practical2.app */ = {isa = PBXFileReference; explicitFileType = wrapper.application; includeInIndex = 0; path = Practical2.app; sourceTree = BUILT_PRODUCTS_DIR; };
		0EBDDF1E217DADD7009A3E91 /* AppDelegate.swift */ = {isa = PBXFileReference; lastKnownFileType = sourcecode.swift; path = AppDelegate.swift; sourceTree = "<group>"; };
		0EBDDF20217DADD7009A3E91 /* ViewController.swift */ = {isa = PBXFileReference; lastKnownFileType = sourcecode.swift; path = ViewController.swift; sourceTree = "<group>"; };
		0EBDDF23217DADD7009A3E91 /* Base */ = {isa = PBXFileReference; lastKnownFileType = file.storyboard; name = Base; path = Base.lproj/Main.storyboard; sourceTree = "<group>"; };
		0EBDDF25217DADD8009A3E91 /* Assets.xcassets */ = {isa = PBXFileReference; lastKnownFileType = folder.assetcatalog; path = Assets.xcassets; sourceTree = "<group>"; };
		0EBDDF28217DADD8009A3E91 /* Base */ = {isa = PBXFileReference; lastKnownFileType = file.storyboard; name = Base; path = Base.lproj/LaunchScreen.storyboard; sourceTree = "<group>"; };
		0EBDDF2A217DADD8009A3E91 /* Info.plist */ = {isa = PBXFileReference; lastKnownFileType = text.plist.xml; path = Info.plist; sourceTree = "<group>"; };
		0EBDDF30217DAEC7009A3E91 /* Friend.swift */ = {isa = PBXFileReference; lastKnownFileType = sourcecode.swift; path = Friend.swift; sourceTree = "<group>"; };
/* End PBXFileReference section */

/* Begin PBXFrameworksBuildPhase section */
		0EBDDF18217DADD7009A3E91 /* Frameworks */ = {
			isa = PBXFrameworksBuildPhase;
			buildActionMask = 2147483647;
			files = (
			);
			runOnlyForDeploymentPostprocessing = 0;
		};
/* End PBXFrameworksBuildPhase section */

/* Begin PBXGroup section */
		0EBDDF12217DADD7009A3E91 = {
			isa = PBXGroup;
			children = (
				0EBDDF1D217DADD7009A3E91 /* Practical2 */,
				0EBDDF1C217DADD7009A3E91 /* Products */,
			);
			sourceTree = "<group>";
		};
		0EBDDF1C217DADD7009A3E91 /* Products */ = {
			isa = PBXGroup;
			children = (
				0EBDDF1B217DADD7009A3E91 /* Practical2.app */,
			);
			name = Products;
			sourceTree = "<group>";
		};
		0EBDDF1D217DADD7009A3E91 /* Practical2 */ = {
			isa = PBXGroup;
			children = (
				0EBDDF1E217DADD7009A3E91 /* AppDelegate.swift */,
				0EBDDF20217DADD7009A3E91 /* ViewController.swift */,
				0EBDDF22217DADD7009A3E91 /* Main.storyboard */,
				0EBDDF25217DADD8009A3E91 /* Assets.xcassets */,
				0EBDDF27217DADD8009A3E91 /* LaunchScreen.storyboard */,
				0EBDDF2A217DADD8009A3E91 /* Info.plist */,
				0EBDDF30217DAEC7009A3E91 /* Friend.swift */,
			);
			path = Practical2;
			sourceTree = "<group>";
		};
/* End PBXGroup section */

/* Begin PBXNativeTarget section */
		0EBDDF1A217DADD7009A3E91 /* Practical2 */ = {
			isa = PBXNativeTarget;
			buildConfigurationList = 0EBDDF2D217DADD8009A3E91 /* Build configuration list for PBXNativeTarget "Practical2" */;
			buildPhases = (
				0EBDDF17217DADD7009A3E91 /* Sources */,
				0EBDDF18217DADD7009A3E91 /* Frameworks */,
				0EBDDF19217DADD7009A3E91 /* Resources */,
			);
			buildRules = (
			);
			dependencies = (
			);
			name = Practical2;
			productName = Practical2;
			productReference = 0EBDDF1B217DADD7009A3E91 /* Practical2.app */;
			productType = "com.apple.product-type.application";
		};
/* End PBXNativeTarget section */

/* Begin PBXProject section */
		0EBDDF13217DADD7009A3E91 /* Project object */ = {
			isa = PBXProject;
			attributes = {
				LastSwiftUpdateCheck = 1000;
				LastUpgradeCheck = 1000;
				ORGANIZATIONNAME = kevin;
				TargetAttributes = {
					0EBDDF1A217DADD7009A3E91 = {
						CreatedOnToolsVersion = 10.0;
					};
				};
			};
			buildConfigurationList = 0EBDDF16217DADD7009A3E91 /* Build configuration list for PBXProject "Practical2" */;
			compatibilityVersion = "Xcode 9.3";
			developmentRegion = en;
			hasScannedForEncodings = 0;
			knownRegions = (
				en,
				Base,
			);
			mainGroup = 0EBDDF12217DADD7009A3E91;
			productRefGroup = 0EBDDF1C217DADD7009A3E91 /* Products */;
			projectDirPath = "";
			projectRoot = "";
			targets = (
				0EBDDF1A217DADD7009A3E91 /* Practical2 */,
			);
		};
/* End PBXProject section */

/* Begin PBXResourcesBuildPhase section */
		0EBDDF19217DADD7009A3E91 /* Resources */ = {
			isa = PBXResourcesBuildPhase;
			buildActionMask = 2147483647;
			files = (
				0EBDDF29217DADD8009A3E91 /* LaunchScreen.storyboard in Resources */,
				0EBDDF26217DADD8009A3E91 /* Assets.xcassets in Resources */,
				0EBDDF24217DADD7009A3E91 /* Main.storyboard in Resources */,
			);
			runOnlyForDeploymentPostprocessing = 0;
		};
/* End PBXResourcesBuildPhase section */

/* Begin PBXSourcesBuildPhase section */
		0EBDDF17217DADD7009A3E91 /* Sources */ = {
			isa = PBXSourcesBuildPhase;
			buildActionMask = 2147483647;
			files = (
				0EBDDF31217DAEC7009A3E91 /* Friend.swift in Sources */,
				0EBDDF21217DADD7009A3E91 /* ViewController.swift in Sources */,
				0EBDDF1F217DADD7009A3E91 /* AppDelegate.swift in Sources */,
			);
			runOnlyForDeploymentPostprocessing = 0;
		};
/* End PBXSourcesBuildPhase section */

/* Begin PBXVariantGroup section */
		0EBDDF22217DADD7009A3E91 /* Main.storyboard */ = {
			isa = PBXVariantGroup;
			children = (
				0EBDDF23217DADD7009A3E91 /* Base */,
			);
			name = Main.storyboard;
			sourceTree = "<group>";
		};
		0EBDDF27217DADD8009A3E91 /* LaunchScreen.storyboard */ = {
			isa = PBXVariantGroup;
			children = (
				0EBDDF28217DADD8009A3E91 /* Base */,
			);
			name = LaunchScreen.storyboard;
			sourceTree = "<group>";
		};
/* End PBXVariantGroup section */

/* Begin XCBuildConfiguration section */
		0EBDDF2B217DADD8009A3E91 /* Debug */ = {
			isa = XCBuildConfiguration;
			buildSettings = {
				ALWAYS_SEARCH_USER_PATHS = NO;
				CLANG_ANALYZER_NONNULL = YES;
				CLANG_ANALYZER_NUMBER_OBJECT_CONVERSION = YES_AGGRESSIVE;
				CLANG_CXX_LANGUAGE_STANDARD = "gnu++14";
				CLANG_CXX_LIBRARY = "libc++";
				CLANG_ENABLE_MODULES = YES;
				CLANG_ENABLE_OBJC_ARC = YES;
				CLANG_ENABLE_OBJC_WEAK = YES;
				CLANG_WARN_BLOCK_CAPTURE_AUTORELEASING = YES;
				CLANG_WARN_BOOL_CONVERSION = YES;
				CLANG_WARN_COMMA = YES;
				CLANG_WARN_CONSTANT_CONVERSION = YES;
				CLANG_WARN_DEPRECATED_OBJC_IMPLEMENTATIONS = YES;
				CLANG_WARN_DIRECT_OBJC_ISA_USAGE = YES_ERROR;
				CLANG_WARN_DOCUMENTATION_COMMENTS = YES;
				CLANG_WARN_EMPTY_BODY = YES;
				CLANG_WARN_ENUM_CONVERSION = YES;
				CLANG_WARN_INFINITE_RECURSION = YES;
				CLANG_WARN_INT_CONVERSION = YES;
				CLANG_WARN_NON_LITERAL_NULL_CONVERSION = YES;
				CLANG_WARN_OBJC_IMPLICIT_RETAIN_SELF = YES;
				CLANG_WARN_OBJC_LITERAL_CONVERSION = YES;
				CLANG_WARN_OBJC_ROOT_CLASS = YES_ERROR;
				CLANG_WARN_RANGE_LOOP_ANALYSIS = YES;
				CLANG_WARN_STRICT_PROTOTYPES = YES;
				CLANG_WARN_SUSPICIOUS_MOVE = YES;
				CLANG_WARN_UNGUARDED_AVAILABILITY = YES_AGGRESSIVE;
				CLANG_WARN_UNREACHABLE_CODE = YES;
				CLANG_WARN__DUPLICATE_METHOD_MATCH = YES;
				CODE_SIGN_IDENTITY = "iPhone Developer";
				COPY_PHASE_STRIP = NO;
				DEBUG_INFORMATION_FORMAT = dwarf;
				ENABLE_STRICT_OBJC_MSGSEND = YES;
				ENABLE_TESTABILITY = YES;
				GCC_C_LANGUAGE_STANDARD = gnu11;
				GCC_DYNAMIC_NO_PIC = NO;
				GCC_NO_COMMON_BLOCKS = YES;
				GCC_OPTIMIZATION_LEVEL = 0;
				GCC_PREPROCESSOR_DEFINITIONS = (
					"DEBUG=1",
					"$(inherited)",
				);
				GCC_WARN_64_TO_32_BIT_CONVERSION = YES;
				GCC_WARN_ABOUT_RETURN_TYPE = YES_ERROR;
				GCC_WARN_UNDECLARED_SELECTOR = YES;
				GCC_WARN_UNINITIALIZED_AUTOS = YES_AGGRESSIVE;
				GCC_WARN_UNUSED_FUNCTION = YES;
				GCC_WARN_UNUSED_VARIABLE = YES;
				IPHONEOS_DEPLOYMENT_TARGET = 12.0;
				MTL_ENABLE_DEBUG_INFO = INCLUDE_SOURCE;
				MTL_FAST_MATH = YES;
				ONLY_ACTIVE_ARCH = YES;
				SDKROOT = iphoneos;
				SWIFT_ACTIVE_COMPILATION_CONDITIONS = DEBUG;
				SWIFT_OPTIMIZATION_LEVEL = "-Onone";
			};
			name = Debug;
		};
		0EBDDF2C217DADD8009A3E91 /* Release */ = {
			isa = XCBuildConfiguration;
			buildSettings = {
				ALWAYS_SEARCH_USER_PATHS = NO;
				CLANG_ANALYZER_NONNULL = YES;
				CLANG_ANALYZER_NUMBER_OBJECT_CONVERSION = YES_AGGRESSIVE;
				CLANG_CXX_LANGUAGE_STANDARD = "gnu++14";
				CLANG_CXX_LIBRARY = "libc++";
				CLANG_ENABLE_MODULES = YES;
				CLANG_ENABLE_OBJC_ARC = YES;
				CLANG_ENABLE_OBJC_WEAK = YES;
				CLANG_WARN_BLOCK_CAPTURE_AUTORELEASING = YES;
				CLANG_WARN_BOOL_CONVERSION = YES;
				CLANG_WARN_COMMA = YES;
				CLANG_WARN_CONSTANT_CONVERSION = YES;
				CLANG_WARN_DEPRECATED_OBJC_IMPLEMENTATIONS = YES;
				CLANG_WARN_DIRECT_OBJC_ISA_USAGE = YES_ERROR;
				CLANG_WARN_DOCUMENTATION_COMMENTS = YES;
				CLANG_WARN_EMPTY_BODY = YES;
				CLANG_WARN_ENUM_CONVERSION = YES;
				CLANG_WARN_INFINITE_RECURSION = YES;
				CLANG_WARN_INT_CONVERSION = YES;
				CLANG_WARN_NON_LITERAL_NULL_CONVERSION = YES;
				CLANG_WARN_OBJC_IMPLICIT_RETAIN_SELF = YES;
				CLANG_WARN_OBJC_LITERAL_CONVERSION = YES;
				CLANG_WARN_OBJC_ROOT_CLASS = YES_ERROR;
				CLANG_WARN_RANGE_LOOP_ANALYSIS = YES;
				CLANG_WARN_STRICT_PROTOTYPES = YES;
				CLANG_WARN_SUSPICIOUS_MOVE = YES;
				CLANG_WARN_UNGUARDED_AVAILABILITY = YES_AGGRESSIVE;
				CLANG_WARN_UNREACHABLE_CODE = YES;
				CLANG_WARN__DUPLICATE_METHOD_MATCH = YES;
				CODE_SIGN_IDENTITY = "iPhone Developer";
				COPY_PHASE_STRIP = NO;
				DEBUG_INFORMATION_FORMAT = "dwarf-with-dsym";
				ENABLE_NS_ASSERTIONS = NO;
				ENABLE_STRICT_OBJC_MSGSEND = YES;
				GCC_C_LANGUAGE_STANDARD = gnu11;
				GCC_NO_COMMON_BLOCKS = YES;
				GCC_WARN_64_TO_32_BIT_CONVERSION = YES;
				GCC_WARN_ABOUT_RETURN_TYPE = YES_ERROR;
				GCC_WARN_UNDECLARED_SELECTOR = YES;
				GCC_WARN_UNINITIALIZED_AUTOS = YES_AGGRESSIVE;
				GCC_WARN_UNUSED_FUNCTION = YES;
				GCC_WARN_UNUSED_VARIABLE = YES;
				IPHONEOS_DEPLOYMENT_TARGET = 12.0;
				MTL_ENABLE_DEBUG_INFO = NO;
				MTL_FAST_MATH = YES;
				SDKROOT = iphoneos;
				SWIFT_COMPILATION_MODE = wholemodule;
				SWIFT_OPTIMIZATION_LEVEL = "-O";
				VALIDATE_PRODUCT = YES;
			};
			name = Release;
		};
		0EBDDF2E217DADD8009A3E91 /* Debug */ = {
			isa = XCBuildConfiguration;
			buildSettings = {
				ASSETCATALOG_COMPILER_APPICON_NAME = AppIcon;
				CODE_SIGN_STYLE = Automatic;
				INFOPLIST_FILE = Practical2/Info.plist;
				LD_RUNPATH_SEARCH_PATHS = (
					"$(inherited)",
					"@executable_path/Frameworks",
				);
				PRODUCT_BUNDLE_IDENTIFIER = kevintoh0305.Practical2;
				PRODUCT_NAME = "$(TARGET_NAME)";
				SWIFT_VERSION = 4.2;
				TARGETED_DEVICE_FAMILY = "1,2";
			};
			name = Debug;
		};
		0EBDDF2F217DADD8009A3E91 /* Release */ = {
			isa = XCBuildConfiguration;
			buildSettings = {
				ASSETCATALOG_COMPILER_APPICON_NAME = AppIcon;
				CODE_SIGN_STYLE = Automatic;
				INFOPLIST_FILE = Practical2/Info.plist;
				LD_RUNPATH_SEARCH_PATHS = (
					"$(inherited)",
					"@executable_path/Frameworks",
				);
				PRODUCT_BUNDLE_IDENTIFIER = kevintoh0305.Practical2;
				PRODUCT_NAME = "$(TARGET_NAME)";
				SWIFT_VERSION = 4.2;
				TARGETED_DEVICE_FAMILY = "1,2";
			};
			name = Release;
		};
/* End XCBuildConfiguration section */

/* Begin XCConfigurationList section */
		0EBDDF16217DADD7009A3E91 /* Build configuration list for PBXProject "Practical2" */ = {
			isa = XCConfigurationList;
			buildConfigurations = (
				0EBDDF2B217DADD8009A3E91 /* Debug */,
				0EBDDF2C217DADD8009A3E91 /* Release */,
			);
			defaultConfigurationIsVisible = 0;
			defaultConfigurationName = Release;
		};
		0EBDDF2D217DADD8009A3E91 /* Build configuration list for PBXNativeTarget "Practical2" */ = {
			isa = XCConfigurationList;
			buildConfigurations = (
				0EBDDF2E217DADD8009A3E91 /* Debug */,
				0EBDDF2F217DADD8009A3E91 /* Release */,
			);
			defaultConfigurationIsVisible = 0;
			defaultConfigurationName = Release;
		};
/* End XCConfigurationList section */
	};
	rootObject = 0EBDDF13217DADD7009A3E91 /* Project object */;
}
